// !$*UTF8*$!
{
	archiveVersion = 1;
	classes = {
	};
	objectVersion = 55;
	objects = {

/* Begin PBXBuildFile section */
		B9FA8C90273A51A4003E0AC2 /* ToDoAppCoreDataSwiftUIApp.swift in Sources */ = {isa = PBXBuildFile; fileRef = B9FA8C8F273A51A4003E0AC2 /* ToDoAppCoreDataSwiftUIApp.swift */; };
		B9FA8C92273A51A4003E0AC2 /* ContentView.swift in Sources */ = {isa = PBXBuildFile; fileRef = B9FA8C91273A51A4003E0AC2 /* ContentView.swift */; };
		B9FA8C94273A51A6003E0AC2 /* Assets.xcassets in Resources */ = {isa = PBXBuildFile; fileRef = B9FA8C93273A51A6003E0AC2 /* Assets.xcassets */; };
		B9FA8C97273A51A6003E0AC2 /* Preview Assets.xcassets in Resources */ = {isa = PBXBuildFile; fileRef = B9FA8C96273A51A6003E0AC2 /* Preview Assets.xcassets */; };
		B9FA8C9C273A51A6003E0AC2 /* ToDoAppCoreDataSwiftUI.xcdatamodeld in Sources */ = {isa = PBXBuildFile; fileRef = B9FA8C9A273A51A6003E0AC2 /* ToDoAppCoreDataSwiftUI.xcdatamodeld */; };
		B9FA8CA3273A51C9003E0AC2 /* CameraView.swift in Sources */ = {isa = PBXBuildFile; fileRef = B9FA8CA2273A51C9003E0AC2 /* CameraView.swift */; };
		B9FA8CA5273A5213003E0AC2 /* ViewModel.swift in Sources */ = {isa = PBXBuildFile; fileRef = B9FA8CA4273A5213003E0AC2 /* ViewModel.swift */; };
		B9FA8CA7273A522D003E0AC2 /* NewDataSheet.swift in Sources */ = {isa = PBXBuildFile; fileRef = B9FA8CA6273A522D003E0AC2 /* NewDataSheet.swift */; };
		B9FA8CCA273A589A003E0AC2 /* Persistence.swift in Sources */ = {isa = PBXBuildFile; fileRef = B9FA8CC9273A589A003E0AC2 /* Persistence.swift */; };
/* End PBXBuildFile section */

/* Begin PBXFileReference section */
		B9FA8C8C273A51A4003E0AC2 /* ToDoAppCoreDataSwiftUI.app */ = {isa = PBXFileReference; explicitFileType = wrapper.application; includeInIndex = 0; path = ToDoAppCoreDataSwiftUI.app; sourceTree = BUILT_PRODUCTS_DIR; };
		B9FA8C8F273A51A4003E0AC2 /* ToDoAppCoreDataSwiftUIApp.swift */ = {isa = PBXFileReference; lastKnownFileType = sourcecode.swift; path = ToDoAppCoreDataSwiftUIApp.swift; sourceTree = "<group>"; };
		B9FA8C91273A51A4003E0AC2 /* ContentView.swift */ = {isa = PBXFileReference; lastKnownFileType = sourcecode.swift; path = ContentView.swift; sourceTree = "<group>"; };
		B9FA8C93273A51A6003E0AC2 /* Assets.xcassets */ = {isa = PBXFileReference; lastKnownFileType = folder.assetcatalog; path = Assets.xcassets; sourceTree = "<group>"; };
		B9FA8C96273A51A6003E0AC2 /* Preview Assets.xcassets */ = {isa = PBXFileReference; lastKnownFileType = folder.assetcatalog; path = "Preview Assets.xcassets"; sourceTree = "<group>"; };
		B9FA8C9B273A51A6003E0AC2 /* ToDoAppCoreDataSwiftUI.xcdatamodel */ = {isa = PBXFileReference; lastKnownFileType = wrapper.xcdatamodel; path = ToDoAppCoreDataSwiftUI.xcdatamodel; sourceTree = "<group>"; };
		B9FA8CA2273A51C9003E0AC2 /* CameraView.swift */ = {isa = PBXFileReference; lastKnownFileType = sourcecode.swift; path = CameraView.swift; sourceTree = "<group>"; };
		B9FA8CA4273A5213003E0AC2 /* ViewModel.swift */ = {isa = PBXFileReference; lastKnownFileType = sourcecode.swift; path = ViewModel.swift; sourceTree = "<group>"; };
		B9FA8CA6273A522D003E0AC2 /* NewDataSheet.swift */ = {isa = PBXFileReference; lastKnownFileType = sourcecode.swift; path = NewDataSheet.swift; sourceTree = "<group>"; };
		B9FA8CC9273A589A003E0AC2 /* Persistence.swift */ = {isa = PBXFileReference; fileEncoding = 4; lastKnownFileType = sourcecode.swift; name = Persistence.swift; path = ../../12/12/Persistence.swift; sourceTree = "<group>"; };
/* End PBXFileReference section */

/* Begin PBXFrameworksBuildPhase section */
		B9FA8C89273A51A4003E0AC2 /* Frameworks */ = {
			isa = PBXFrameworksBuildPhase;
			buildActionMask = 2147483647;
			files = (
			);
			runOnlyForDeploymentPostprocessing = 0;
		};
/* End PBXFrameworksBuildPhase section */

/* Begin PBXGroup section */
		B9FA8C83273A51A4003E0AC2 = {
			isa = PBXGroup;
			children = (
				B9FA8C8E273A51A4003E0AC2 /* ToDoAppCoreDataSwiftUI */,
				B9FA8C8D273A51A4003E0AC2 /* Products */,
			);
			sourceTree = "<group>";
		};
		B9FA8C8D273A51A4003E0AC2 /* Products */ = {
			isa = PBXGroup;
			children = (
				B9FA8C8C273A51A4003E0AC2 /* ToDoAppCoreDataSwiftUI.app */,
			);
			name = Products;
			sourceTree = "<group>";
		};
		B9FA8C8E273A51A4003E0AC2 /* ToDoAppCoreDataSwiftUI */ = {
			isa = PBXGroup;
			children = (
				B9FA8C8F273A51A4003E0AC2 /* ToDoAppCoreDataSwiftUIApp.swift */,
				B9FA8C91273A51A4003E0AC2 /* ContentView.swift */,
				B9FA8CA2273A51C9003E0AC2 /* CameraView.swift */,
				B9FA8C93273A51A6003E0AC2 /* Assets.xcassets */,
				B9FA8CC9273A589A003E0AC2 /* Persistence.swift */,
				B9FA8C9A273A51A6003E0AC2 /* ToDoAppCoreDataSwiftUI.xcdatamodeld */,
				B9FA8CA4273A5213003E0AC2 /* ViewModel.swift */,
				B9FA8CA6273A522D003E0AC2 /* NewDataSheet.swift */,
				B9FA8C95273A51A6003E0AC2 /* Preview Content */,
			);
			path = ToDoAppCoreDataSwiftUI;
			sourceTree = "<group>";
		};
		B9FA8C95273A51A6003E0AC2 /* Preview Content */ = {
			isa = PBXGroup;
			children = (
				B9FA8C96273A51A6003E0AC2 /* Preview Assets.xcassets */,
			);
			path = "Preview Content";
			sourceTree = "<group>";
		};
/* End PBXGroup section */

/* Begin PBXNativeTarget section */
		B9FA8C8B273A51A4003E0AC2 /* ToDoAppCoreDataSwiftUI */ = {
			isa = PBXNativeTarget;
			buildConfigurationList = B9FA8C9F273A51A6003E0AC2 /* Build configuration list for PBXNativeTarget "ToDoAppCoreDataSwiftUI" */;
			buildPhases = (
				B9FA8C88273A51A4003E0AC2 /* Sources */,
				B9FA8C89273A51A4003E0AC2 /* Frameworks */,
				B9FA8C8A273A51A4003E0AC2 /* Resources */,
			);
			buildRules = (
			);
			dependencies = (
			);
			name = ToDoAppCoreDataSwiftUI;
			productName = ToDoAppCoreDataSwiftUI;
			productReference = B9FA8C8C273A51A4003E0AC2 /* ToDoAppCoreDataSwiftUI.app */;
			productType = "com.apple.product-type.application";
		};
/* End PBXNativeTarget section */

/* Begin PBXProject section */
		B9FA8C84273A51A4003E0AC2 /* Project object */ = {
			isa = PBXProject;
			attributes = {
				BuildIndependentTargetsInParallel = 1;
				LastSwiftUpdateCheck = 1310;
				LastUpgradeCheck = 1310;
				TargetAttributes = {
					B9FA8C8B273A51A4003E0AC2 = {
						CreatedOnToolsVersion = 13.1;
					};
				};
			};
			buildConfigurationList = B9FA8C87273A51A4003E0AC2 /* Build configuration list for PBXProject "ToDoAppCoreDataSwiftUI" */;
			compatibilityVersion = "Xcode 13.0";
			developmentRegion = en;
			hasScannedForEncodings = 0;
			knownRegions = (
				en,
				Base,
			);
			mainGroup = B9FA8C83273A51A4003E0AC2;
			productRefGroup = B9FA8C8D273A51A4003E0AC2 /* Products */;
			projectDirPath = "";
			projectRoot = "";
			targets = (
				B9FA8C8B273A51A4003E0AC2 /* ToDoAppCoreDataSwiftUI */,
			);
		};
/* End PBXProject section */

/* Begin PBXResourcesBuildPhase section */
		B9FA8C8A273A51A4003E0AC2 /* Resources */ = {
			isa = PBXResourcesBuildPhase;
			buildActionMask = 2147483647;
			files = (
				B9FA8C97273A51A6003E0AC2 /* Preview Assets.xcassets in Resources */,
				B9FA8C94273A51A6003E0AC2 /* Assets.xcassets in Resources */,
			);
			runOnlyForDeploymentPostprocessing = 0;
		};
/* End PBXResourcesBuildPhase section */

/* Begin PBXSourcesBuildPhase section */
		B9FA8C88273A51A4003E0AC2 /* Sources */ = {
			isa = PBXSourcesBuildPhase;
			buildActionMask = 2147483647;
			files = (
				B9FA8C9C273A51A6003E0AC2 /* ToDoAppCoreDataSwiftUI.xcdatamodeld in Sources */,
				B9FA8C92273A51A4003E0AC2 /* ContentView.swift in Sources */,
				B9FA8CA3273A51C9003E0AC2 /* CameraView.swift in Sources */,
				B9FA8CCA273A589A003E0AC2 /* Persistence.swift in Sources */,
				B9FA8CA5273A5213003E0AC2 /* ViewModel.swift in Sources */,
				B9FA8CA7273A522D003E0AC2 /* NewDataSheet.swift in Sources */,
				B9FA8C90273A51A4003E0AC2 /* ToDoAppCoreDataSwiftUIApp.swift in Sources */,
			);
			runOnlyForDeploymentPostprocessing = 0;
		};
/* End PBXSourcesBuildPhase section */

/* Begin XCBuildConfiguration section */
		B9FA8C9D273A51A6003E0AC2 /* Debug */ = {
			isa = XCBuildConfiguration;
			buildSettings = {
				ALWAYS_SEARCH_USER_PATHS = NO;
				CLANG_ANALYZER_NONNULL = YES;
				CLANG_ANALYZER_NUMBER_OBJECT_CONVERSION = YES_AGGRESSIVE;
				CLANG_CXX_LANGUAGE_STANDARD = "gnu++17";
				CLANG_CXX_LIBRARY = "libc++";
				CLANG_ENABLE_MODULES = YES;
				CLANG_ENABLE_OBJC_ARC = YES;
				CLANG_ENABLE_OBJC_WEAK = YES;
				CLANG_WARN_BLOCK_CAPTURE_AUTORELEASING = YES;
				CLANG_WARN_BOOL_CONVERSION = YES;
				CLANG_WARN_COMMA = YES;
				CLANG_WARN_CONSTANT_CONVERSION = YES;
				CLANG_WARN_DEPRECATED_OBJC_IMPLEMENTATIONS = YES;
				CLANG_WARN_DIRECT_OBJC_ISA_USAGE = YES_ERROR;
				CLANG_WARN_DOCUMENTATION_COMMENTS = YES;
				CLANG_WARN_EMPTY_BODY = YES;
				CLANG_WARN_ENUM_CONVERSION = YES;
				CLANG_WARN_INFINITE_RECURSION = YES;
				CLANG_WARN_INT_CONVERSION = YES;
				CLANG_WARN_NON_LITERAL_NULL_CONVERSION = YES;
				CLANG_WARN_OBJC_IMPLICIT_RETAIN_SELF = YES;
				CLANG_WARN_OBJC_LITERAL_CONVERSION = YES;
				CLANG_WARN_OBJC_ROOT_CLASS = YES_ERROR;
				CLANG_WARN_QUOTED_INCLUDE_IN_FRAMEWORK_HEADER = YES;
				CLANG_WARN_RANGE_LOOP_ANALYSIS = YES;
				CLANG_WARN_STRICT_PROTOTYPES = YES;
				CLANG_WARN_SUSPICIOUS_MOVE = YES;
				CLANG_WARN_UNGUARDED_AVAILABILITY = YES_AGGRESSIVE;
				CLANG_WARN_UNREACHABLE_CODE = YES;
				CLANG_WARN__DUPLICATE_METHOD_MATCH = YES;
				COPY_PHASE_STRIP = NO;
				DEBUG_INFORMATION_FORMAT = dwarf;
				ENABLE_STRICT_OBJC_MSGSEND = YES;
				ENABLE_TESTABILITY = YES;
				GCC_C_LANGUAGE_STANDARD = gnu11;
				GCC_DYNAMIC_NO_PIC = NO;
				GCC_NO_COMMON_BLOCKS = YES;
				GCC_OPTIMIZATION_LEVEL = 0;
				GCC_PREPROCESSOR_DEFINITIONS = (
					"DEBUG=1",
					"$(inherited)",
				);
				GCC_WARN_64_TO_32_BIT_CONVERSION = YES;
				GCC_WARN_ABOUT_RETURN_TYPE = YES_ERROR;
				GCC_WARN_UNDECLARED_SELECTOR = YES;
				GCC_WARN_UNINITIALIZED_AUTOS = YES_AGGRESSIVE;
				GCC_WARN_UNUSED_FUNCTION = YES;
				GCC_WARN_UNUSED_VARIABLE = YES;
				IPHONEOS_DEPLOYMENT_TARGET = 15.0;
				MTL_ENABLE_DEBUG_INFO = INCLUDE_SOURCE;
				MTL_FAST_MATH = YES;
				ONLY_ACTIVE_ARCH = YES;
				SDKROOT = iphoneos;
				SWIFT_ACTIVE_COMPILATION_CONDITIONS = DEBUG;
				SWIFT_OPTIMIZATION_LEVEL = "-Onone";
			};
			name = Debug;
		};
		B9FA8C9E273A51A6003E0AC2 /* Release */ = {
			isa = XCBuildConfiguration;
			buildSettings = {
				ALWAYS_SEARCH_USER_PATHS = NO;
				CLANG_ANALYZER_NONNULL = YES;
				CLANG_ANALYZER_NUMBER_OBJECT_CONVERSION = YES_AGGRESSIVE;
				CLANG_CXX_LANGUAGE_STANDARD = "gnu++17";
				CLANG_CXX_LIBRARY = "libc++";
				CLANG_ENABLE_MODULES = YES;
				CLANG_ENABLE_OBJC_ARC = YES;
				CLANG_ENABLE_OBJC_WEAK = YES;
				CLANG_WARN_BLOCK_CAPTURE_AUTORELEASING = YES;
				CLANG_WARN_BOOL_CONVERSION = YES;
				CLANG_WARN_COMMA = YES;
				CLANG_WARN_CONSTANT_CONVERSION = YES;
				CLANG_WARN_DEPRECATED_OBJC_IMPLEMENTATIONS = YES;
				CLANG_WARN_DIRECT_OBJC_ISA_USAGE = YES_ERROR;
				CLANG_WARN_DOCUMENTATION_COMMENTS = YES;
				CLANG_WARN_EMPTY_BODY = YES;
				CLANG_WARN_ENUM_CONVERSION = YES;
				CLANG_WARN_INFINITE_RECURSION = YES;
				CLANG_WARN_INT_CONVERSION = YES;
				CLANG_WARN_NON_LITERAL_NULL_CONVERSION = YES;
				CLANG_WARN_OBJC_IMPLICIT_RETAIN_SELF = YES;
				CLANG_WARN_OBJC_LITERAL_CONVERSION = YES;
				CLANG_WARN_OBJC_ROOT_CLASS = YES_ERROR;
				CLANG_WARN_QUOTED_INCLUDE_IN_FRAMEWORK_HEADER = YES;
				CLANG_WARN_RANGE_LOOP_ANALYSIS = YES;
				CLANG_WARN_STRICT_PROTOTYPES = YES;
				CLANG_WARN_SUSPICIOUS_MOVE = YES;
				CLANG_WARN_UNGUARDED_AVAILABILITY = YES_AGGRESSIVE;
				CLANG_WARN_UNREACHABLE_CODE = YES;
				CLANG_WARN__DUPLICATE_METHOD_MATCH = YES;
				COPY_PHASE_STRIP = NO;
				DEBUG_INFORMATION_FORMAT = "dwarf-with-dsym";
				ENABLE_NS_ASSERTIONS = NO;
				ENABLE_STRICT_OBJC_MSGSEND = YES;
				GCC_C_LANGUAGE_STANDARD = gnu11;
				GCC_NO_COMMON_BLOCKS = YES;
				GCC_WARN_64_TO_32_BIT_CONVERSION = YES;
				GCC_WARN_ABOUT_RETURN_TYPE = YES_ERROR;
				GCC_WARN_UNDECLARED_SELECTOR = YES;
				GCC_WARN_UNINITIALIZED_AUTOS = YES_AGGRESSIVE;
				GCC_WARN_UNUSED_FUNCTION = YES;
				GCC_WARN_UNUSED_VARIABLE = YES;
				IPHONEOS_DEPLOYMENT_TARGET = 15.0;
				MTL_ENABLE_DEBUG_INFO = NO;
				MTL_FAST_MATH = YES;
				SDKROOT = iphoneos;
				SWIFT_COMPILATION_MODE = wholemodule;
				SWIFT_OPTIMIZATION_LEVEL = "-O";
				VALIDATE_PRODUCT = YES;
			};
			name = Release;
		};
		B9FA8CA0273A51A6003E0AC2 /* Debug */ = {
			isa = XCBuildConfiguration;
			buildSettings = {
				ASSETCATALOG_COMPILER_APPICON_NAME = AppIcon;
				ASSETCATALOG_COMPILER_GLOBAL_ACCENT_COLOR_NAME = AccentColor;
				CODE_SIGN_STYLE = Automatic;
				CURRENT_PROJECT_VERSION = 1;
				DEVELOPMENT_ASSET_PATHS = "\"ToDoAppCoreDataSwiftUI/Preview Content\"";
				DEVELOPMENT_TEAM = 8GPJBM9M2R;
				ENABLE_PREVIEWS = YES;
				GENERATE_INFOPLIST_FILE = YES;
				INFOPLIST_KEY_NSCameraUsageDescription = "";
				INFOPLIST_KEY_UIApplicationSceneManifest_Generation = YES;
				INFOPLIST_KEY_UIApplicationSupportsIndirectInputEvents = YES;
				INFOPLIST_KEY_UILaunchScreen_Generation = YES;
				INFOPLIST_KEY_UISupportedInterfaceOrientations_iPad = "UIInterfaceOrientationPortrait UIInterfaceOrientationPortraitUpsideDown UIInterfaceOrientationLandscapeLeft UIInterfaceOrientationLandscapeRight";
				INFOPLIST_KEY_UISupportedInterfaceOrientations_iPhone = "UIInterfaceOrientationPortrait UIInterfaceOrientationLandscapeLeft UIInterfaceOrientationLandscapeRight";
				LD_RUNPATH_SEARCH_PATHS = (
					"$(inherited)",
					"@executable_path/Frameworks",
				);
				MARKETING_VERSION = 1.0;
				PRODUCT_BUNDLE_IDENTIFIER = com.directors.ToDoAppCoreDataSwiftUI;
				PRODUCT_NAME = "$(TARGET_NAME)";
				SWIFT_EMIT_LOC_STRINGS = YES;
				SWIFT_VERSION = 5.0;
				TARGETED_DEVICE_FAMILY = "1,2";
			};
			name = Debug;
		};
		B9FA8CA1273A51A6003E0AC2 /* Release */ = {
			isa = XCBuildConfiguration;
			buildSettings = {
				ASSETCATALOG_COMPILER_APPICON_NAME = AppIcon;
				ASSETCATALOG_COMPILER_GLOBAL_ACCENT_COLOR_NAME = AccentColor;
				CODE_SIGN_STYLE = Automatic;
				CURRENT_PROJECT_VERSION = 1;
				DEVELOPMENT_ASSET_PATHS = "\"ToDoAppCoreDataSwiftUI/Preview Content\"";
				DEVELOPMENT_TEAM = 8GPJBM9M2R;
				ENABLE_PREVIEWS = YES;
				GENERATE_INFOPLIST_FILE = YES;
				INFOPLIST_KEY_NSCameraUsageDescription = "";
				INFOPLIST_KEY_UIApplicationSceneManifest_Generation = YES;
				INFOPLIST_KEY_UIApplicationSupportsIndirectInputEvents = YES;
				INFOPLIST_KEY_UILaunchScreen_Generation = YES;
				INFOPLIST_KEY_UISupportedInterfaceOrientations_iPad = "UIInterfaceOrientationPortrait UIInterfaceOrientationPortraitUpsideDown UIInterfaceOrientationLandscapeLeft UIInterfaceOrientationLandscapeRight";
				INFOPLIST_KEY_UISupportedInterfaceOrientations_iPhone = "UIInterfaceOrientationPortrait UIInterfaceOrientationLandscapeLeft UIInterfaceOrientationLandscapeRight";
				LD_RUNPATH_SEARCH_PATHS = (
					"$(inherited)",
					"@executable_path/Frameworks",
				);
				MARKETING_VERSION = 1.0;
				PRODUCT_BUNDLE_IDENTIFIER = com.directors.ToDoAppCoreDataSwiftUI;
				PRODUCT_NAME = "$(TARGET_NAME)";
				SWIFT_EMIT_LOC_STRINGS = YES;
				SWIFT_VERSION = 5.0;
				TARGETED_DEVICE_FAMILY = "1,2";
			};
			name = Release;
		};
/* End XCBuildConfiguration section */

/* Begin XCConfigurationList section */
		B9FA8C87273A51A4003E0AC2 /* Build configuration list for PBXProject "ToDoAppCoreDataSwiftUI" */ = {
			isa = XCConfigurationList;
			buildConfigurations = (
				B9FA8C9D273A51A6003E0AC2 /* Debug */,
				B9FA8C9E273A51A6003E0AC2 /* Release */,
			);
			defaultConfigurationIsVisible = 0;
			defaultConfigurationName = Release;
		};
		B9FA8C9F273A51A6003E0AC2 /* Build configuration list for PBXNativeTarget "ToDoAppCoreDataSwiftUI" */ = {
			isa = XCConfigurationList;
			buildConfigurations = (
				B9FA8CA0273A51A6003E0AC2 /* Debug */,
				B9FA8CA1273A51A6003E0AC2 /* Release */,
			);
			defaultConfigurationIsVisible = 0;
			defaultConfigurationName = Release;
		};
/* End XCConfigurationList section */

/* Begin XCVersionGroup section */
		B9FA8C9A273A51A6003E0AC2 /* ToDoAppCoreDataSwiftUI.xcdatamodeld */ = {
			isa = XCVersionGroup;
			children = (
				B9FA8C9B273A51A6003E0AC2 /* ToDoAppCoreDataSwiftUI.xcdatamodel */,
			);
			currentVersion = B9FA8C9B273A51A6003E0AC2 /* ToDoAppCoreDataSwiftUI.xcdatamodel */;
			path = ToDoAppCoreDataSwiftUI.xcdatamodeld;
			sourceTree = "<group>";
			versionGroupType = wrapper.xcdatamodel;
		};
/* End XCVersionGroup section */
	};
	rootObject = B9FA8C84273A51A4003E0AC2 /* Project object */;
}
